version = 1
requires-python = ">=3.7"
resolution-markers = [
    "python_full_version >= '3.9'",
    "python_full_version == '3.8.*'",
    "python_full_version < '3.8'",
]

[[package]]
name = "backports-zoneinfo"
version = "0.2.1"
source = { registry = "https://pypi.org/simple" }
sdist = { url = "https://files.pythonhosted.org/packages/ad/85/475e514c3140937cf435954f78dedea1861aeab7662d11de232bdaa90655/backports.zoneinfo-0.2.1.tar.gz", hash = "sha256:fadbfe37f74051d024037f223b8e001611eac868b5c5b06144ef4d8b799862f2", size = 74098 }
wheels = [
    { url = "https://files.pythonhosted.org/packages/74/a1/323f86a5ca5a559d452affb879512365a0473529398bfcf2d712a40ae088/backports.zoneinfo-0.2.1-cp37-cp37m-macosx_10_14_x86_64.whl", hash = "sha256:f04e857b59d9d1ccc39ce2da1021d196e47234873820cbeaad210724b1ee28ac", size = 35640 },
    { url = "https://files.pythonhosted.org/packages/d1/04/8f2fed9c0cb9c88442fc8d6372cb0f5738fb05a65b45e2d371fbc8a15087/backports.zoneinfo-0.2.1-cp37-cp37m-manylinux1_i686.whl", hash = "sha256:17746bd546106fa389c51dbea67c8b7c8f0d14b5526a579ca6ccf5ed72c526cf", size = 68984 },
    { url = "https://files.pythonhosted.org/packages/4c/7e/ed8af95bed90eeccfb4a4fe6ec424bc7a79e1aa983e54dd1d9062d9fa20b/backports.zoneinfo-0.2.1-cp37-cp37m-manylinux1_x86_64.whl", hash = "sha256:5c144945a7752ca544b4b78c8c41544cdfaf9786f25fe5ffb10e838e19a27570", size = 70735 },
    { url = "https://files.pythonhosted.org/packages/1c/96/baaca3ad1b06d97138d42a225e4d4d27cd1586b646740f771706cd2d812c/backports.zoneinfo-0.2.1-cp37-cp37m-win32.whl", hash = "sha256:e55b384612d93be96506932a786bbcde5a2db7a9e6a4bb4bffe8b733f5b9036b", size = 36527 },
    { url = "https://files.pythonhosted.org/packages/6c/99/513f2c4dd41522eefc42feb86854f6cf3b1add9c175c14d90c070775e484/backports.zoneinfo-0.2.1-cp37-cp37m-win_amd64.whl", hash = "sha256:a76b38c52400b762e48131494ba26be363491ac4f9a04c1b7e92483d169f6582", size = 38677 },
    { url = "https://files.pythonhosted.org/packages/4a/6d/eca004eeadcbf8bd64cc96feb9e355536147f0577420b44d80c7cac70767/backports.zoneinfo-0.2.1-cp38-cp38-macosx_10_14_x86_64.whl", hash = "sha256:8961c0f32cd0336fb8e8ead11a1f8cd99ec07145ec2931122faaac1c8f7fd987", size = 35816 },
    { url = "https://files.pythonhosted.org/packages/c1/8f/9b1b920a6a95652463143943fa3b8c000cb0b932ab463764a6f2a2416560/backports.zoneinfo-0.2.1-cp38-cp38-manylinux1_i686.whl", hash = "sha256:e81b76cace8eda1fca50e345242ba977f9be6ae3945af8d46326d776b4cf78d1", size = 72147 },
    { url = "https://files.pythonhosted.org/packages/1a/ab/3e941e3fcf1b7d3ab3d0233194d99d6a0ed6b24f8f956fc81e47edc8c079/backports.zoneinfo-0.2.1-cp38-cp38-manylinux1_x86_64.whl", hash = "sha256:7b0a64cda4145548fed9efc10322770f929b944ce5cee6c0dfe0c87bf4c0c8c9", size = 74033 },
    { url = "https://files.pythonhosted.org/packages/c0/34/5fdb0a3a28841d215c255be8fc60b8666257bb6632193c86fd04b63d4a31/backports.zoneinfo-0.2.1-cp38-cp38-win32.whl", hash = "sha256:1b13e654a55cd45672cb54ed12148cd33628f672548f373963b0bff67b217328", size = 36803 },
    { url = "https://files.pythonhosted.org/packages/78/cc/e27fd6493bbce8dbea7e6c1bc861fe3d3bc22c4f7c81f4c3befb8ff5bfaf/backports.zoneinfo-0.2.1-cp38-cp38-win_amd64.whl", hash = "sha256:4a0f800587060bf8880f954dbef70de6c11bbe59c673c3d818921f042f9954a6", size = 38967 },
]

[[package]]
name = "lthwpostgresql"
version = "0.1.0"
source = { virtual = "." }
dependencies = [
    { name = "psycopg", version = "3.1.20", source = { registry = "https://pypi.org/simple" }, marker = "python_full_version < '3.8'" },
    { name = "psycopg", version = "3.2.9", source = { registry = "https://pypi.org/simple" }, marker = "python_full_version >= '3.8'" },
    { name = "psycopg2", version = "2.9.9", source = { registry = "https://pypi.org/simple" }, marker = "python_full_version < '3.8'" },
    { name = "psycopg2", version = "2.9.10", source = { registry = "https://pypi.org/simple" }, marker = "python_full_version >= '3.8'" },
    { name = "python-dotenv", version = "0.21.1", source = { registry = "https://pypi.org/simple" }, marker = "python_full_version < '3.8'" },
    { name = "python-dotenv", version = "1.0.1", source = { registry = "https://pypi.org/simple" }, marker = "python_full_version == '3.8.*'" },
    { name = "python-dotenv", version = "1.1.0", source = { registry = "https://pypi.org/simple" }, marker = "python_full_version >= '3.9'" },
]

[package.metadata]
requires-dist = [
    { name = "psycopg", specifier = ">=3.1.20" },
    { name = "psycopg2", specifier = ">=2.9.9" },
    { name = "python-dotenv", specifier = ">=0.21.1" },
]

[[package]]
name = "psycopg"
version = "3.1.20"
source = { registry = "https://pypi.org/simple" }
resolution-markers = [
    "python_full_version < '3.8'",
]
dependencies = [
    { name = "backports-zoneinfo", marker = "python_full_version < '3.8'" },
    { name = "typing-extensions", version = "4.7.1", source = { registry = "https://pypi.org/simple" }, marker = "python_full_version < '3.8'" },
    { name = "tzdata", marker = "python_full_version < '3.8' and sys_platform == 'win32'" },
]
sdist = { url = "https://files.pythonhosted.org/packages/5c/6d/0939210f3ba089b360cf0d3741494719152567bc81303cca2c0f1e67c78a/psycopg-3.1.20.tar.gz", hash = "sha256:32f5862ab79f238496236f97fe374a7ab55b4b4bb839a74802026544735f9a07", size = 147567 }
wheels = [
    { url = "https://files.pythonhosted.org/packages/2d/e9/126bbfd5dded758bb109526c5f5f2c2538fe293b15b6fa208db7078c72c4/psycopg-3.1.20-py3-none-any.whl", hash = "sha256:898a29f49ac9c903d554f5a6cdc44a8fc564325557c18f82e51f39c1f4fc2aeb", size = 179473 },
]

[[package]]
name = "psycopg"
version = "3.2.9"
source = { registry = "https://pypi.org/simple" }
resolution-markers = [
    "python_full_version >= '3.9'",
    "python_full_version == '3.8.*'",
]
dependencies = [
    { name = "backports-zoneinfo", marker = "python_full_version == '3.8.*'" },
    { name = "typing-extensions", version = "4.13.2", source = { registry = "https://pypi.org/simple" }, marker = "python_full_version >= '3.8' and python_full_version < '3.13'" },
    { name = "tzdata", marker = "python_full_version >= '3.8' and sys_platform == 'win32'" },
]
sdist = { url = "https://files.pythonhosted.org/packages/27/4a/93a6ab570a8d1a4ad171a1f4256e205ce48d828781312c0bbaff36380ecb/psycopg-3.2.9.tar.gz", hash = "sha256:2fbb46fcd17bc81f993f28c47f1ebea38d66ae97cc2dbc3cad73b37cefbff700", size = 158122 }
wheels = [
    { url = "https://files.pythonhosted.org/packages/44/b0/a73c195a56eb6b92e937a5ca58521a5c3346fb233345adc80fd3e2f542e2/psycopg-3.2.9-py3-none-any.whl", hash = "sha256:01a8dadccdaac2123c916208c96e06631641c0566b22005493f09663c7a8d3b6", size = 202705 },
]

[[package]]
name = "psycopg2"
version = "2.9.9"
source = { registry = "https://pypi.org/simple" }
resolution-markers = [
    "python_full_version < '3.8'",
]
sdist = { url = "https://files.pythonhosted.org/packages/c9/5e/dc6acaf46d78979d6b03458b7a1618a68e152a6776fce95daac5e0f0301b/psycopg2-2.9.9.tar.gz", hash = "sha256:d1454bde93fb1e224166811694d600e746430c006fbb031ea06ecc2ea41bf156", size = 384926 }
wheels = [
    { url = "https://files.pythonhosted.org/packages/a2/14/2767d963915f957c07f5d4c3d9c5c9a407415289f5cde90b82cb3e8c2a12/psycopg2-2.9.9-cp310-cp310-win32.whl", hash = "sha256:38a8dcc6856f569068b47de286b472b7c473ac7977243593a288ebce0dc89516", size = 1025172 },
    { url = "https://files.pythonhosted.org/packages/bc/bc/6572dec6834e779668421e25f8812a872d978e241f85491a5e4dda606a98/psycopg2-2.9.9-cp310-cp310-win_amd64.whl", hash = "sha256:426f9f29bde126913a20a96ff8ce7d73fd8a216cfb323b1f04da402d452853c3", size = 1163569 },
    { url = "https://files.pythonhosted.org/packages/91/2c/1fc5b9d33cd248c548ba19f2cef8e89cabaafab9858a602868a592cdc1b0/psycopg2-2.9.9-cp311-cp311-win32.whl", hash = "sha256:ade01303ccf7ae12c356a5e10911c9e1c51136003a9a1d92f7aa9d010fb98372", size = 1024163 },
    { url = "https://files.pythonhosted.org/packages/37/2c/5133dd3183a3bd82371569f0dd783e6927672de7e671b278ce248810b7f7/psycopg2-2.9.9-cp311-cp311-win_amd64.whl", hash = "sha256:121081ea2e76729acfb0673ff33755e8703d45e926e416cb59bae3a86c6a4981", size = 1163579 },
    { url = "https://files.pythonhosted.org/packages/13/13/f74ffe6b6f58822e807c70391dc5679a53feb92ce119ccb8a6546c3fb893/psycopg2-2.9.9-cp312-cp312-win32.whl", hash = "sha256:d735786acc7dd25815e89cc4ad529a43af779db2e25aa7c626de864127e5a024", size = 1024634 },
    { url = "https://files.pythonhosted.org/packages/58/4b/c4a26e191882b60150bfcb639e416524ae7f8249ab7ee854fb5247f16c40/psycopg2-2.9.9-cp312-cp312-win_amd64.whl", hash = "sha256:a7653d00b732afb6fc597e29c50ad28087dcb4fbfb28e86092277a559ae4e693", size = 1163789 },
    { url = "https://files.pythonhosted.org/packages/2b/77/ffeb9ac356b3d99d97ca681bf0d0aa74f6d1d8c2ce0d6c4f2f34e396dbc0/psycopg2-2.9.9-cp37-cp37m-win32.whl", hash = "sha256:5e0d98cade4f0e0304d7d6f25bbfbc5bd186e07b38eac65379309c4ca3193efa", size = 1005386 },
    { url = "https://files.pythonhosted.org/packages/be/a7/0a39176d369a8289191f3d327139cfb4923dcedcfd7105774e57996f63cd/psycopg2-2.9.9-cp37-cp37m-win_amd64.whl", hash = "sha256:7e2dacf8b009a1c1e843b5213a87f7c544b2b042476ed7755be813eaf4e8347a", size = 1154102 },
    { url = "https://files.pythonhosted.org/packages/1f/78/86b90d30c4e02e88379184ade34c2fd4883a4d3e420cc3c0f6da2b8f3a9a/psycopg2-2.9.9-cp38-cp38-win32.whl", hash = "sha256:ff432630e510709564c01dafdbe996cb552e0b9f3f065eb89bdce5bd31fabf4c", size = 1007077 },
    { url = "https://files.pythonhosted.org/packages/8e/e8/c439b378efc9f2d0fd1fd5f66b03cb9ed41423f179997a935f10374f3c0d/psycopg2-2.9.9-cp38-cp38-win_amd64.whl", hash = "sha256:bac58c024c9922c23550af2a581998624d6e02350f4ae9c5f0bc642c633a2d5e", size = 1155712 },
    { url = "https://files.pythonhosted.org/packages/6b/a8/5080c0e61a3b393a379ea2fa93402135c73baffcd5f08b9503e508aac116/psycopg2-2.9.9-cp39-cp39-win32.whl", hash = "sha256:c92811b2d4c9b6ea0285942b2e7cac98a59e166d59c588fe5cfe1eda58e72d59", size = 1037818 },
    { url = "https://files.pythonhosted.org/packages/f8/ec/ec73fe66d4317db006a38ebafbde02cb7e1d727ed65f5bbe54efb191d9e6/psycopg2-2.9.9-cp39-cp39-win_amd64.whl", hash = "sha256:de80739447af31525feddeb8effd640782cf5998e1a4e9192ebdf829717e3913", size = 1177280 },
]

[[package]]
name = "psycopg2"
version = "2.9.10"
source = { registry = "https://pypi.org/simple" }
resolution-markers = [
    "python_full_version >= '3.9'",
    "python_full_version == '3.8.*'",
]
sdist = { url = "https://files.pythonhosted.org/packages/62/51/2007ea29e605957a17ac6357115d0c1a1b60c8c984951c19419b3474cdfd/psycopg2-2.9.10.tar.gz", hash = "sha256:12ec0b40b0273f95296233e8750441339298e6a572f7039da5b260e3c8b60e11", size = 385672 }
wheels = [
    { url = "https://files.pythonhosted.org/packages/0a/a9/146b6bdc0d33539a359f5e134ee6dda9173fb8121c5b96af33fa299e50c4/psycopg2-2.9.10-cp310-cp310-win32.whl", hash = "sha256:5df2b672140f95adb453af93a7d669d7a7bf0a56bcd26f1502329166f4a61716", size = 1024527 },
    { url = "https://files.pythonhosted.org/packages/47/50/c509e56f725fd2572b59b69bd964edaf064deebf1c896b2452f6b46fdfb3/psycopg2-2.9.10-cp310-cp310-win_amd64.whl", hash = "sha256:c6f7b8561225f9e711a9c47087388a97fdc948211c10a4bccbf0ba68ab7b3b5a", size = 1163735 },
    { url = "https://files.pythonhosted.org/packages/20/a2/c51ca3e667c34e7852157b665e3d49418e68182081060231d514dd823225/psycopg2-2.9.10-cp311-cp311-win32.whl", hash = "sha256:47c4f9875125344f4c2b870e41b6aad585901318068acd01de93f3677a6522c2", size = 1024538 },
    { url = "https://files.pythonhosted.org/packages/33/39/5a9a229bb5414abeb86e33b8fc8143ab0aecce5a7f698a53e31367d30caa/psycopg2-2.9.10-cp311-cp311-win_amd64.whl", hash = "sha256:0435034157049f6846e95103bd8f5a668788dd913a7c30162ca9503fdf542cb4", size = 1163736 },
    { url = "https://files.pythonhosted.org/packages/3d/16/4623fad6076448df21c1a870c93a9774ad8a7b4dd1660223b59082dd8fec/psycopg2-2.9.10-cp312-cp312-win32.whl", hash = "sha256:65a63d7ab0e067e2cdb3cf266de39663203d38d6a8ed97f5ca0cb315c73fe067", size = 1025113 },
    { url = "https://files.pythonhosted.org/packages/66/de/baed128ae0fc07460d9399d82e631ea31a1f171c0c4ae18f9808ac6759e3/psycopg2-2.9.10-cp312-cp312-win_amd64.whl", hash = "sha256:4a579d6243da40a7b3182e0430493dbd55950c493d8c68f4eec0b302f6bbf20e", size = 1163951 },
    { url = "https://files.pythonhosted.org/packages/ae/49/a6cfc94a9c483b1fa401fbcb23aca7892f60c7269c5ffa2ac408364f80dc/psycopg2-2.9.10-cp313-cp313-win_amd64.whl", hash = "sha256:91fd603a2155da8d0cfcdbf8ab24a2d54bca72795b90d2a3ed2b6da8d979dee2", size = 2569060 },
    { url = "https://files.pythonhosted.org/packages/5f/29/bc9639b9c50abd93a8274fd2deffbf70b2a65aa9e7881e63ea6bc4319e84/psycopg2-2.9.10-cp39-cp39-win32.whl", hash = "sha256:9d5b3b94b79a844a986d029eee38998232451119ad653aea42bb9220a8c5066b", size = 1025259 },
    { url = "https://files.pythonhosted.org/packages/2c/f8/0be7d99d24656b689d83ac167240c3527efb0b161d814fb1dd58329ddf75/psycopg2-2.9.10-cp39-cp39-win_amd64.whl", hash = "sha256:88138c8dedcbfa96408023ea2b0c369eda40fe5d75002c0964c78f46f11fa442", size = 1163878 },
]

[[package]]
name = "python-dotenv"
version = "0.21.1"
source = { registry = "https://pypi.org/simple" }
resolution-markers = [
    "python_full_version < '3.8'",
]
sdist = { url = "https://files.pythonhosted.org/packages/f5/d7/d548e0d5a68b328a8d69af833a861be415a17cb15ce3d8f0cd850073d2e1/python-dotenv-0.21.1.tar.gz", hash = "sha256:1c93de8f636cde3ce377292818d0e440b6e45a82f215c3744979151fa8151c49", size = 35930 }
wheels = [
    { url = "https://files.pythonhosted.org/packages/64/62/f19d1e9023aacb47241de3ab5a5d5fedf32c78a71a9e365bb2153378c141/python_dotenv-0.21.1-py3-none-any.whl", hash = "sha256:41e12e0318bebc859fcc4d97d4db8d20ad21721a6aa5047dd59f090391cb549a", size = 19284 },
]

[[package]]
name = "python-dotenv"
version = "1.0.1"
source = { registry = "https://pypi.org/simple" }
resolution-markers = [
    "python_full_version == '3.8.*'",
]
sdist = { url = "https://files.pythonhosted.org/packages/bc/57/e84d88dfe0aec03b7a2d4327012c1627ab5f03652216c63d49846d7a6c58/python-dotenv-1.0.1.tar.gz", hash = "sha256:e324ee90a023d808f1959c46bcbc04446a10ced277783dc6ee09987c37ec10ca", size = 39115 }
wheels = [
    { url = "https://files.pythonhosted.org/packages/6a/3e/b68c118422ec867fa7ab88444e1274aa40681c606d59ac27de5a5588f082/python_dotenv-1.0.1-py3-none-any.whl", hash = "sha256:f7b63ef50f1b690dddf550d03497b66d609393b40b564ed0d674909a68ebf16a", size = 19863 },
]

[[package]]
name = "python-dotenv"
version = "1.1.0"
source = { registry = "https://pypi.org/simple" }
resolution-markers = [
    "python_full_version >= '3.9'",
]
sdist = { url = "https://files.pythonhosted.org/packages/88/2c/7bb1416c5620485aa793f2de31d3df393d3686aa8a8506d11e10e13c5baf/python_dotenv-1.1.0.tar.gz", hash = "sha256:41f90bc6f5f177fb41f53e87666db362025010eb28f60a01c9143bfa33a2b2d5", size = 39920 }
wheels = [
    { url = "https://files.pythonhosted.org/packages/1e/18/98a99ad95133c6a6e2005fe89faedf294a748bd5dc803008059409ac9b1e/python_dotenv-1.1.0-py3-none-any.whl", hash = "sha256:d7c01d9e2293916c18baf562d95698754b0dbbb5e74d457c45d4f6561fb9d55d", size = 20256 },
]

[[package]]
name = "typing-extensions"
version = "4.7.1"
source = { registry = "https://pypi.org/simple" }
resolution-markers = [
    "python_full_version < '3.8'",
]
sdist = { url = "https://files.pythonhosted.org/packages/3c/8b/0111dd7d6c1478bf83baa1cab85c686426c7a6274119aceb2bd9d35395ad/typing_extensions-4.7.1.tar.gz", hash = "sha256:b75ddc264f0ba5615db7ba217daeb99701ad295353c45f9e95963337ceeeffb2", size = 72876 }
wheels = [
    { url = "https://files.pythonhosted.org/packages/ec/6b/63cc3df74987c36fe26157ee12e09e8f9db4de771e0f3404263117e75b95/typing_extensions-4.7.1-py3-none-any.whl", hash = "sha256:440d5dd3af93b060174bf433bccd69b0babc3b15b1a8dca43789fd7f61514b36", size = 33232 },
]

[[package]]
name = "typing-extensions"
version = "4.13.2"
source = { registry = "https://pypi.org/simple" }
resolution-markers = [
    "python_full_version >= '3.9'",
    "python_full_version == '3.8.*'",
]
sdist = { url = "https://files.pythonhosted.org/packages/f6/37/23083fcd6e35492953e8d2aaaa68b860eb422b34627b13f2ce3eb6106061/typing_extensions-4.13.2.tar.gz", hash = "sha256:e6c81219bd689f51865d9e372991c540bda33a0379d5573cddb9a3a23f7caaef", size = 106967 }
wheels = [
    { url = "https://files.pythonhosted.org/packages/8b/54/b1ae86c0973cc6f0210b53d508ca3641fb6d0c56823f288d108bc7ab3cc8/typing_extensions-4.13.2-py3-none-any.whl", hash = "sha256:a439e7c04b49fec3e5d3e2beaa21755cadbbdc391694e28ccdd36ca4a1408f8c", size = 45806 },
]

[[package]]
name = "tzdata"
version = "2025.2"
source = { registry = "https://pypi.org/simple" }
sdist = { url = "https://files.pythonhosted.org/packages/95/32/1a225d6164441be760d75c2c42e2780dc0873fe382da3e98a2e1e48361e5/tzdata-2025.2.tar.gz", hash = "sha256:b60a638fcc0daffadf82fe0f57e53d06bdec2f36c4df66280ae79bce6bd6f2b9", size = 196380 }
wheels = [
    { url = "https://files.pythonhosted.org/packages/5c/23/c7abc0ca0a1526a0774eca151daeb8de62ec457e77262b66b359c3c7679e/tzdata-2025.2-py2.py3-none-any.whl", hash = "sha256:1a403fada01ff9221ca8044d701868fa132215d84beb92242d9acd2147f667a8", size = 347839 },
]
